
Microsoft Visual Studio Solution File, Format Version 12.00
# Visual Studio Version 17
VisualStudioVersion = 17.1.32328.378
MinimumVisualStudioVersion = 10.0.40219.1
Project("{FAE04EC0-301F-11D3-BF4B-00C04F79EFBC}") = "KathiresuCaven_ProjetSession", "KathiresuCaven_ProjetSession.csproj", "{414B1017-D955-4313-89CC-B13E4160AF66}"
EndProject
Global
	GlobalSection(SolutionConfigurationPlatforms) = preSolution
		Debug|Any CPU = Debug|Any CPU
		Release|Any CPU = Release|Any CPU
	EndGlobalSection
	GlobalSection(ProjectConfigurationPlatforms) = postSolution
		{414B1017-D955-4313-89CC-B13E4160AF66}.Debug|Any CPU.ActiveCfg = Debug|Any CPU
		{414B1017-D955-4313-89CC-B13E4160AF66}.Debug|Any CPU.Build.0 = Debug|Any CPU
		{414B1017-D955-4313-89CC-B13E4160AF66}.Release|Any CPU.ActiveCfg = Release|Any CPU
		{414B1017-D955-4313-89CC-B13E4160AF66}.Release|Any CPU.Build.0 = Release|Any CPU
	EndGlobalSection
	GlobalSection(SolutionProperties) = preSolution
		HideSolutionNode = FALSE
	EndGlobalSection
	GlobalSection(ExtensibilityGlobals) = postSolution
		SolutionGuid = {CDCDFFB0-3C10-4CE7-8C77-C9B28BF15EB3}
	EndGlobalSection
EndGlobal
